
Microsoft Visual Studio Solution File, Format Version 12.00
# Visual Studio 14
VisualStudioVersion = 14.0.25420.1
MinimumVisualStudioVersion = 10.0.40219.1
Project("{2150E333-8FDC-42A3-9474-1A3956D46DE8}") = "src", "src", "{9731D68D-BCD5-452C-AFC7-083E26349CEE}"
EndProject
Project("{2150E333-8FDC-42A3-9474-1A3956D46DE8}") = "Solution Items", "Solution Items", "{04504C42-70A5-46A0-94F0-794B08DF2831}"
	ProjectSection(SolutionItems) = preProject
		global.json = global.json
	EndProjectSection
EndProject
Project("{8BB2217D-0F2D-49D1-97BC-3654ED321F3B}") = "APMClient", "src\APMClient\APMClient.xproj", "{296BBB65-6822-40F3-8104-0D70B4C159DD}"
EndProject
Global
	GlobalSection(SolutionConfigurationPlatforms) = preSolution
		Debug|Any CPU = Debug|Any CPU
		Release|Any CPU = Release|Any CPU
	EndGlobalSection
	GlobalSection(ProjectConfigurationPlatforms) = postSolution
		{296BBB65-6822-40F3-8104-0D70B4C159DD}.Debug|Any CPU.ActiveCfg = Debug|Any CPU
		{296BBB65-6822-40F3-8104-0D70B4C159DD}.Debug|Any CPU.Build.0 = Debug|Any CPU
		{296BBB65-6822-40F3-8104-0D70B4C159DD}.Release|Any CPU.ActiveCfg = Release|Any CPU
		{296BBB65-6822-40F3-8104-0D70B4C159DD}.Release|Any CPU.Build.0 = Release|Any CPU
	EndGlobalSection
	GlobalSection(SolutionProperties) = preSolution
		HideSolutionNode = FALSE
	EndGlobalSection
	GlobalSection(NestedProjects) = preSolution
		{296BBB65-6822-40F3-8104-0D70B4C159DD} = {9731D68D-BCD5-452C-AFC7-083E26349CEE}
	EndGlobalSection
EndGlobal
